
Microsoft Visual Studio Solution File, Format Version 12.00
# Visual Studio 15
VisualStudioVersion = 15.0.28010.0
MinimumVisualStudioVersion = 10.0.40219.1
Project("{FAE04EC0-301F-11D3-BF4B-00C04F79EFBC}") = "VendingMachine", "VendingMachine\VendingMachine.csproj", "{D2602A54-AFE7-4F83-8772-D3199A73F2FF}"
EndProject
Global
	GlobalSection(SolutionConfigurationPlatforms) = preSolution
		Debug|Any CPU = Debug|Any CPU
		Release|Any CPU = Release|Any CPU
	EndGlobalSection
	GlobalSection(ProjectConfigurationPlatforms) = postSolution
		{D2602A54-AFE7-4F83-8772-D3199A73F2FF}.Debug|Any CPU.ActiveCfg = Debug|Any CPU
		{D2602A54-AFE7-4F83-8772-D3199A73F2FF}.Debug|Any CPU.Build.0 = Debug|Any CPU
		{D2602A54-AFE7-4F83-8772-D3199A73F2FF}.Release|Any CPU.ActiveCfg = Release|Any CPU
		{D2602A54-AFE7-4F83-8772-D3199A73F2FF}.Release|Any CPU.Build.0 = Release|Any CPU
	EndGlobalSection
	GlobalSection(SolutionProperties) = preSolution
		HideSolutionNode = FALSE
	EndGlobalSection
	GlobalSection(ExtensibilityGlobals) = postSolution
		SolutionGuid = {8CD1FABB-6F1F-4C53-9F7F-C4B2D0FBBFB5}
	EndGlobalSection
EndGlobal
